
Microsoft Visual Studio Solution File, Format Version 12.00
Project("{FAE04EC0-301F-11D3-BF4B-00C04F79EFBC}") = "webBeta.NSerializer.AspNetCore", "webBeta.NSerializer.AspNetCore\webBeta.NSerializer.AspNetCore.csproj", "{A0275BB2-128F-4D04-A74C-2BBCA28D850A}"
EndProject
Project("{FAE04EC0-301F-11D3-BF4B-00C04F79EFBC}") = "webBeta.NSerializer.AspNetCore.Sample", "webBeta.NSerializer.AspNetCore.Sample\webBeta.NSerializer.AspNetCore.Sample.csproj", "{1182CCA8-ED6F-4002-ACBF-FB0E9F242E2A}"
EndProject
Project("{FAE04EC0-301F-11D3-BF4B-00C04F79EFBC}") = "webBeta.NSerializer.AspNetCore.Test", "webBeta.NSerializer.AspNetCore.Test\webBeta.NSerializer.AspNetCore.Test.csproj", "{B8DA8683-5310-4D13-A817-1786E38A89F0}"
EndProject
Global
	GlobalSection(SolutionConfigurationPlatforms) = preSolution
		Debug|Any CPU = Debug|Any CPU
		Release|Any CPU = Release|Any CPU
	EndGlobalSection
	GlobalSection(ProjectConfigurationPlatforms) = postSolution
		{A0275BB2-128F-4D04-A74C-2BBCA28D850A}.Debug|Any CPU.ActiveCfg = Debug|Any CPU
		{A0275BB2-128F-4D04-A74C-2BBCA28D850A}.Debug|Any CPU.Build.0 = Debug|Any CPU
		{A0275BB2-128F-4D04-A74C-2BBCA28D850A}.Release|Any CPU.ActiveCfg = Release|Any CPU
		{A0275BB2-128F-4D04-A74C-2BBCA28D850A}.Release|Any CPU.Build.0 = Release|Any CPU
		{1182CCA8-ED6F-4002-ACBF-FB0E9F242E2A}.Debug|Any CPU.ActiveCfg = Debug|Any CPU
		{1182CCA8-ED6F-4002-ACBF-FB0E9F242E2A}.Debug|Any CPU.Build.0 = Debug|Any CPU
		{1182CCA8-ED6F-4002-ACBF-FB0E9F242E2A}.Release|Any CPU.ActiveCfg = Release|Any CPU
		{1182CCA8-ED6F-4002-ACBF-FB0E9F242E2A}.Release|Any CPU.Build.0 = Release|Any CPU
		{B8DA8683-5310-4D13-A817-1786E38A89F0}.Debug|Any CPU.ActiveCfg = Debug|Any CPU
		{B8DA8683-5310-4D13-A817-1786E38A89F0}.Debug|Any CPU.Build.0 = Debug|Any CPU
		{B8DA8683-5310-4D13-A817-1786E38A89F0}.Release|Any CPU.ActiveCfg = Release|Any CPU
		{B8DA8683-5310-4D13-A817-1786E38A89F0}.Release|Any CPU.Build.0 = Release|Any CPU
	EndGlobalSection
EndGlobal
